
Microsoft Visual Studio Solution File, Format Version 12.00
# Visual Studio 2012
Project("{FAE04EC0-301F-11D3-BF4B-00C04F79EFBC}") = "PhoneApp2", "PhoneApp2\PhoneApp2.csproj", "{8FA6FCEC-3042-49C2-9DBF-12DCCC6D94A2}"
EndProject
Project("{8BC9CEB8-8B4A-11D0-8D11-00A0C91BC942}") = "Win32Project1", "Win32Project1\Win32Project1.vcxproj", "{B7E48BBF-6E73-4A80-A2F7-351DE4CE278C}"
EndProject
Project("{8BC9CEB8-8B4A-11D0-8D11-00A0C91BC942}") = "Win32Project2", "Win32Project2\Win32Project2.vcxproj", "{B138366C-AB6E-47C9-B40E-A3CF75BD4FEA}"
EndProject
Project("{8BC9CEB8-8B4A-11D0-8D11-00A0C91BC942}") = "ClassLibrary1", "ClassLibrary1\ClassLibrary1.vcxproj", "{A9DE0C84-5888-4071-BB9B-B99DB6A93204}"
EndProject
Project("{FAE04EC0-301F-11D3-BF4B-00C04F79EFBC}") = "ConsoleApplication1", "ConsoleApplication1\ConsoleApplication1.csproj", "{BFBB63BB-86A4-4158-9BD9-D32FFF1F5426}"
EndProject
Project("{FAE04EC0-301F-11D3-BF4B-00C04F79EFBC}") = "CP", "CP\CP.csproj", "{A298C8B2-B838-4F43-B615-A61A47D1714C}"
EndProject
Project("{FAE04EC0-301F-11D3-BF4B-00C04F79EFBC}") = "CPClient", "CPClient\CPClient.csproj", "{282C613D-61D1-4939-A943-335031531E82}"
EndProject
Project("{FAE04EC0-301F-11D3-BF4B-00C04F79EFBC}") = "CPCSharp", "CPCSharp\CPCSharp.csproj", "{979A8A7C-7B6D-43FF-8D6C-DA19B5C67929}"
EndProject
Project("{FAE04EC0-301F-11D3-BF4B-00C04F79EFBC}") = "CPClientConsole", "CPClientConsole\CPClientConsole.csproj", "{66AE7A67-E59C-49E8-AD17-D8DA93103DD4}"
EndProject
Project("{FAE04EC0-301F-11D3-BF4B-00C04F79EFBC}") = "CPCSharpPlatform", "CPCSharpPlatform\CPCSharpPlatform.csproj", "{3BA4CD04-E17E-4510-9885-AE2DA1B3E946}"
EndProject
Project("{FAE04EC0-301F-11D3-BF4B-00C04F79EFBC}") = "ConsoleApplication2", "ConsoleApplication2\ConsoleApplication2.csproj", "{D98F6949-A096-4740-B93A-53062738C40B}"
EndProject
Project("{FAE04EC0-301F-11D3-BF4B-00C04F79EFBC}") = "Watcher", "Watcher\Watcher.csproj", "{3004F238-11A9-4021-962A-0B0BF95B1ECA}"
EndProject
Global
	GlobalSection(SolutionConfigurationPlatforms) = preSolution
		Debug|Any CPU = Debug|Any CPU
		Debug|ARM = Debug|ARM
		Debug|Mixed Platforms = Debug|Mixed Platforms
		Debug|Win32 = Debug|Win32
		Debug|x86 = Debug|x86
		Release|Any CPU = Release|Any CPU
		Release|ARM = Release|ARM
		Release|Mixed Platforms = Release|Mixed Platforms
		Release|Win32 = Release|Win32
		Release|x86 = Release|x86
	EndGlobalSection
	GlobalSection(ProjectConfigurationPlatforms) = postSolution
		{8FA6FCEC-3042-49C2-9DBF-12DCCC6D94A2}.Debug|Any CPU.ActiveCfg = Debug|Any CPU
		{8FA6FCEC-3042-49C2-9DBF-12DCCC6D94A2}.Debug|Any CPU.Build.0 = Debug|Any CPU
		{8FA6FCEC-3042-49C2-9DBF-12DCCC6D94A2}.Debug|Any CPU.Deploy.0 = Debug|Any CPU
		{8FA6FCEC-3042-49C2-9DBF-12DCCC6D94A2}.Debug|ARM.ActiveCfg = Debug|ARM
		{8FA6FCEC-3042-49C2-9DBF-12DCCC6D94A2}.Debug|ARM.Build.0 = Debug|ARM
		{8FA6FCEC-3042-49C2-9DBF-12DCCC6D94A2}.Debug|ARM.Deploy.0 = Debug|ARM
		{8FA6FCEC-3042-49C2-9DBF-12DCCC6D94A2}.Debug|Mixed Platforms.ActiveCfg = Debug|x86
		{8FA6FCEC-3042-49C2-9DBF-12DCCC6D94A2}.Debug|Mixed Platforms.Build.0 = Debug|x86
		{8FA6FCEC-3042-49C2-9DBF-12DCCC6D94A2}.Debug|Mixed Platforms.Deploy.0 = Debug|x86
		{8FA6FCEC-3042-49C2-9DBF-12DCCC6D94A2}.Debug|Win32.ActiveCfg = Debug|x86
		{8FA6FCEC-3042-49C2-9DBF-12DCCC6D94A2}.Debug|Win32.Build.0 = Debug|x86
		{8FA6FCEC-3042-49C2-9DBF-12DCCC6D94A2}.Debug|Win32.Deploy.0 = Debug|x86
		{8FA6FCEC-3042-49C2-9DBF-12DCCC6D94A2}.Debug|x86.ActiveCfg = Debug|x86
		{8FA6FCEC-3042-49C2-9DBF-12DCCC6D94A2}.Debug|x86.Build.0 = Debug|x86
		{8FA6FCEC-3042-49C2-9DBF-12DCCC6D94A2}.Debug|x86.Deploy.0 = Debug|x86
		{8FA6FCEC-3042-49C2-9DBF-12DCCC6D94A2}.Release|Any CPU.ActiveCfg = Release|Any CPU
		{8FA6FCEC-3042-49C2-9DBF-12DCCC6D94A2}.Release|Any CPU.Build.0 = Release|Any CPU
		{8FA6FCEC-3042-49C2-9DBF-12DCCC6D94A2}.Release|Any CPU.Deploy.0 = Release|Any CPU
		{8FA6FCEC-3042-49C2-9DBF-12DCCC6D94A2}.Release|ARM.ActiveCfg = Release|ARM
		{8FA6FCEC-3042-49C2-9DBF-12DCCC6D94A2}.Release|ARM.Build.0 = Release|ARM
		{8FA6FCEC-3042-49C2-9DBF-12DCCC6D94A2}.Release|ARM.Deploy.0 = Release|ARM
		{8FA6FCEC-3042-49C2-9DBF-12DCCC6D94A2}.Release|Mixed Platforms.ActiveCfg = Release|x86
		{8FA6FCEC-3042-49C2-9DBF-12DCCC6D94A2}.Release|Mixed Platforms.Build.0 = Release|x86
		{8FA6FCEC-3042-49C2-9DBF-12DCCC6D94A2}.Release|Mixed Platforms.Deploy.0 = Release|x86
		{8FA6FCEC-3042-49C2-9DBF-12DCCC6D94A2}.Release|Win32.ActiveCfg = Release|x86
		{8FA6FCEC-3042-49C2-9DBF-12DCCC6D94A2}.Release|Win32.Build.0 = Release|x86
		{8FA6FCEC-3042-49C2-9DBF-12DCCC6D94A2}.Release|Win32.Deploy.0 = Release|x86
		{8FA6FCEC-3042-49C2-9DBF-12DCCC6D94A2}.Release|x86.ActiveCfg = Release|x86
		{8FA6FCEC-3042-49C2-9DBF-12DCCC6D94A2}.Release|x86.Build.0 = Release|x86
		{8FA6FCEC-3042-49C2-9DBF-12DCCC6D94A2}.Release|x86.Deploy.0 = Release|x86
		{B7E48BBF-6E73-4A80-A2F7-351DE4CE278C}.Debug|Any CPU.ActiveCfg = Debug|Win32
		{B7E48BBF-6E73-4A80-A2F7-351DE4CE278C}.Debug|ARM.ActiveCfg = Debug|Win32
		{B7E48BBF-6E73-4A80-A2F7-351DE4CE278C}.Debug|Mixed Platforms.ActiveCfg = Debug|Win32
		{B7E48BBF-6E73-4A80-A2F7-351DE4CE278C}.Debug|Mixed Platforms.Build.0 = Debug|Win32
		{B7E48BBF-6E73-4A80-A2F7-351DE4CE278C}.Debug|Win32.ActiveCfg = Debug|Win32
		{B7E48BBF-6E73-4A80-A2F7-351DE4CE278C}.Debug|Win32.Build.0 = Debug|Win32
		{B7E48BBF-6E73-4A80-A2F7-351DE4CE278C}.Debug|x86.ActiveCfg = Debug|Win32
		{B7E48BBF-6E73-4A80-A2F7-351DE4CE278C}.Debug|x86.Build.0 = Debug|Win32
		{B7E48BBF-6E73-4A80-A2F7-351DE4CE278C}.Release|Any CPU.ActiveCfg = Release|Win32
		{B7E48BBF-6E73-4A80-A2F7-351DE4CE278C}.Release|ARM.ActiveCfg = Release|Win32
		{B7E48BBF-6E73-4A80-A2F7-351DE4CE278C}.Release|Mixed Platforms.ActiveCfg = Release|Win32
		{B7E48BBF-6E73-4A80-A2F7-351DE4CE278C}.Release|Mixed Platforms.Build.0 = Release|Win32
		{B7E48BBF-6E73-4A80-A2F7-351DE4CE278C}.Release|Win32.ActiveCfg = Release|Win32
		{B7E48BBF-6E73-4A80-A2F7-351DE4CE278C}.Release|Win32.Build.0 = Release|Win32
		{B7E48BBF-6E73-4A80-A2F7-351DE4CE278C}.Release|x86.ActiveCfg = Release|Win32
		{B7E48BBF-6E73-4A80-A2F7-351DE4CE278C}.Release|x86.Build.0 = Release|Win32
		{B138366C-AB6E-47C9-B40E-A3CF75BD4FEA}.Debug|Any CPU.ActiveCfg = Debug|Win32
		{B138366C-AB6E-47C9-B40E-A3CF75BD4FEA}.Debug|ARM.ActiveCfg = Debug|Win32
		{B138366C-AB6E-47C9-B40E-A3CF75BD4FEA}.Debug|Mixed Platforms.ActiveCfg = Debug|Win32
		{B138366C-AB6E-47C9-B40E-A3CF75BD4FEA}.Debug|Mixed Platforms.Build.0 = Debug|Win32
		{B138366C-AB6E-47C9-B40E-A3CF75BD4FEA}.Debug|Win32.ActiveCfg = Debug|Win32
		{B138366C-AB6E-47C9-B40E-A3CF75BD4FEA}.Debug|Win32.Build.0 = Debug|Win32
		{B138366C-AB6E-47C9-B40E-A3CF75BD4FEA}.Debug|x86.ActiveCfg = Debug|Win32
		{B138366C-AB6E-47C9-B40E-A3CF75BD4FEA}.Debug|x86.Build.0 = Debug|Win32
		{B138366C-AB6E-47C9-B40E-A3CF75BD4FEA}.Release|Any CPU.ActiveCfg = Release|Win32
		{B138366C-AB6E-47C9-B40E-A3CF75BD4FEA}.Release|ARM.ActiveCfg = Release|Win32
		{B138366C-AB6E-47C9-B40E-A3CF75BD4FEA}.Release|Mixed Platforms.ActiveCfg = Release|Win32
		{B138366C-AB6E-47C9-B40E-A3CF75BD4FEA}.Release|Mixed Platforms.Build.0 = Release|Win32
		{B138366C-AB6E-47C9-B40E-A3CF75BD4FEA}.Release|Win32.ActiveCfg = Release|Win32
		{B138366C-AB6E-47C9-B40E-A3CF75BD4FEA}.Release|Win32.Build.0 = Release|Win32
		{B138366C-AB6E-47C9-B40E-A3CF75BD4FEA}.Release|x86.ActiveCfg = Release|Win32
		{B138366C-AB6E-47C9-B40E-A3CF75BD4FEA}.Release|x86.Build.0 = Release|Win32
		{A9DE0C84-5888-4071-BB9B-B99DB6A93204}.Debug|Any CPU.ActiveCfg = Debug|Win32
		{A9DE0C84-5888-4071-BB9B-B99DB6A93204}.Debug|ARM.ActiveCfg = Debug|Win32
		{A9DE0C84-5888-4071-BB9B-B99DB6A93204}.Debug|Mixed Platforms.ActiveCfg = Debug|Win32
		{A9DE0C84-5888-4071-BB9B-B99DB6A93204}.Debug|Mixed Platforms.Build.0 = Debug|Win32
		{A9DE0C84-5888-4071-BB9B-B99DB6A93204}.Debug|Win32.ActiveCfg = Debug|Win32
		{A9DE0C84-5888-4071-BB9B-B99DB6A93204}.Debug|Win32.Build.0 = Debug|Win32
		{A9DE0C84-5888-4071-BB9B-B99DB6A93204}.Debug|x86.ActiveCfg = Debug|Win32
		{A9DE0C84-5888-4071-BB9B-B99DB6A93204}.Debug|x86.Build.0 = Debug|Win32
		{A9DE0C84-5888-4071-BB9B-B99DB6A93204}.Release|Any CPU.ActiveCfg = Release|Win32
		{A9DE0C84-5888-4071-BB9B-B99DB6A93204}.Release|ARM.ActiveCfg = Release|Win32
		{A9DE0C84-5888-4071-BB9B-B99DB6A93204}.Release|Mixed Platforms.ActiveCfg = Release|Win32
		{A9DE0C84-5888-4071-BB9B-B99DB6A93204}.Release|Mixed Platforms.Build.0 = Release|Win32
		{A9DE0C84-5888-4071-BB9B-B99DB6A93204}.Release|Win32.ActiveCfg = Release|Win32
		{A9DE0C84-5888-4071-BB9B-B99DB6A93204}.Release|Win32.Build.0 = Release|Win32
		{A9DE0C84-5888-4071-BB9B-B99DB6A93204}.Release|x86.ActiveCfg = Release|Win32
		{A9DE0C84-5888-4071-BB9B-B99DB6A93204}.Release|x86.Build.0 = Release|Win32
		{BFBB63BB-86A4-4158-9BD9-D32FFF1F5426}.Debug|Any CPU.ActiveCfg = Debug|Any CPU
		{BFBB63BB-86A4-4158-9BD9-D32FFF1F5426}.Debug|Any CPU.Build.0 = Debug|Any CPU
		{BFBB63BB-86A4-4158-9BD9-D32FFF1F5426}.Debug|ARM.ActiveCfg = Debug|Any CPU
		{BFBB63BB-86A4-4158-9BD9-D32FFF1F5426}.Debug|Mixed Platforms.ActiveCfg = Debug|Any CPU
		{BFBB63BB-86A4-4158-9BD9-D32FFF1F5426}.Debug|Mixed Platforms.Build.0 = Debug|Any CPU
		{BFBB63BB-86A4-4158-9BD9-D32FFF1F5426}.Debug|Win32.ActiveCfg = Debug|Any CPU
		{BFBB63BB-86A4-4158-9BD9-D32FFF1F5426}.Debug|x86.ActiveCfg = Debug|Any CPU
		{BFBB63BB-86A4-4158-9BD9-D32FFF1F5426}.Release|Any CPU.ActiveCfg = Release|Any CPU
		{BFBB63BB-86A4-4158-9BD9-D32FFF1F5426}.Release|Any CPU.Build.0 = Release|Any CPU
		{BFBB63BB-86A4-4158-9BD9-D32FFF1F5426}.Release|ARM.ActiveCfg = Release|Any CPU
		{BFBB63BB-86A4-4158-9BD9-D32FFF1F5426}.Release|Mixed Platforms.ActiveCfg = Release|Any CPU
		{BFBB63BB-86A4-4158-9BD9-D32FFF1F5426}.Release|Mixed Platforms.Build.0 = Release|Any CPU
		{BFBB63BB-86A4-4158-9BD9-D32FFF1F5426}.Release|Win32.ActiveCfg = Release|Any CPU
		{BFBB63BB-86A4-4158-9BD9-D32FFF1F5426}.Release|x86.ActiveCfg = Release|Any CPU
		{A298C8B2-B838-4F43-B615-A61A47D1714C}.Debug|Any CPU.ActiveCfg = Debug|Any CPU
		{A298C8B2-B838-4F43-B615-A61A47D1714C}.Debug|Any CPU.Build.0 = Debug|Any CPU
		{A298C8B2-B838-4F43-B615-A61A47D1714C}.Debug|ARM.ActiveCfg = Debug|Any CPU
		{A298C8B2-B838-4F43-B615-A61A47D1714C}.Debug|Mixed Platforms.ActiveCfg = Debug|Any CPU
		{A298C8B2-B838-4F43-B615-A61A47D1714C}.Debug|Mixed Platforms.Build.0 = Debug|Any CPU
		{A298C8B2-B838-4F43-B615-A61A47D1714C}.Debug|Win32.ActiveCfg = Debug|Any CPU
		{A298C8B2-B838-4F43-B615-A61A47D1714C}.Debug|x86.ActiveCfg = Debug|Any CPU
		{A298C8B2-B838-4F43-B615-A61A47D1714C}.Release|Any CPU.ActiveCfg = Release|Any CPU
		{A298C8B2-B838-4F43-B615-A61A47D1714C}.Release|Any CPU.Build.0 = Release|Any CPU
		{A298C8B2-B838-4F43-B615-A61A47D1714C}.Release|ARM.ActiveCfg = Release|Any CPU
		{A298C8B2-B838-4F43-B615-A61A47D1714C}.Release|Mixed Platforms.ActiveCfg = Release|Any CPU
		{A298C8B2-B838-4F43-B615-A61A47D1714C}.Release|Mixed Platforms.Build.0 = Release|Any CPU
		{A298C8B2-B838-4F43-B615-A61A47D1714C}.Release|Win32.ActiveCfg = Release|Any CPU
		{A298C8B2-B838-4F43-B615-A61A47D1714C}.Release|x86.ActiveCfg = Release|Any CPU
		{282C613D-61D1-4939-A943-335031531E82}.Debug|Any CPU.ActiveCfg = Debug|Any CPU
		{282C613D-61D1-4939-A943-335031531E82}.Debug|Any CPU.Build.0 = Debug|Any CPU
		{282C613D-61D1-4939-A943-335031531E82}.Debug|ARM.ActiveCfg = Debug|Any CPU
		{282C613D-61D1-4939-A943-335031531E82}.Debug|Mixed Platforms.ActiveCfg = Debug|Any CPU
		{282C613D-61D1-4939-A943-335031531E82}.Debug|Mixed Platforms.Build.0 = Debug|Any CPU
		{282C613D-61D1-4939-A943-335031531E82}.Debug|Win32.ActiveCfg = Debug|Any CPU
		{282C613D-61D1-4939-A943-335031531E82}.Debug|x86.ActiveCfg = Debug|Any CPU
		{282C613D-61D1-4939-A943-335031531E82}.Release|Any CPU.ActiveCfg = Release|Any CPU
		{282C613D-61D1-4939-A943-335031531E82}.Release|Any CPU.Build.0 = Release|Any CPU
		{282C613D-61D1-4939-A943-335031531E82}.Release|ARM.ActiveCfg = Release|Any CPU
		{282C613D-61D1-4939-A943-335031531E82}.Release|Mixed Platforms.ActiveCfg = Release|Any CPU
		{282C613D-61D1-4939-A943-335031531E82}.Release|Mixed Platforms.Build.0 = Release|Any CPU
		{282C613D-61D1-4939-A943-335031531E82}.Release|Win32.ActiveCfg = Release|Any CPU
		{282C613D-61D1-4939-A943-335031531E82}.Release|x86.ActiveCfg = Release|Any CPU
		{979A8A7C-7B6D-43FF-8D6C-DA19B5C67929}.Debug|Any CPU.ActiveCfg = Debug|Any CPU
		{979A8A7C-7B6D-43FF-8D6C-DA19B5C67929}.Debug|Any CPU.Build.0 = Debug|Any CPU
		{979A8A7C-7B6D-43FF-8D6C-DA19B5C67929}.Debug|ARM.ActiveCfg = Debug|Any CPU
		{979A8A7C-7B6D-43FF-8D6C-DA19B5C67929}.Debug|Mixed Platforms.ActiveCfg = Debug|Any CPU
		{979A8A7C-7B6D-43FF-8D6C-DA19B5C67929}.Debug|Mixed Platforms.Build.0 = Debug|Any CPU
		{979A8A7C-7B6D-43FF-8D6C-DA19B5C67929}.Debug|Win32.ActiveCfg = Debug|Any CPU
		{979A8A7C-7B6D-43FF-8D6C-DA19B5C67929}.Debug|x86.ActiveCfg = Debug|Any CPU
		{979A8A7C-7B6D-43FF-8D6C-DA19B5C67929}.Release|Any CPU.ActiveCfg = Release|Any CPU
		{979A8A7C-7B6D-43FF-8D6C-DA19B5C67929}.Release|Any CPU.Build.0 = Release|Any CPU
		{979A8A7C-7B6D-43FF-8D6C-DA19B5C67929}.Release|ARM.ActiveCfg = Release|Any CPU
		{979A8A7C-7B6D-43FF-8D6C-DA19B5C67929}.Release|Mixed Platforms.ActiveCfg = Release|Any CPU
		{979A8A7C-7B6D-43FF-8D6C-DA19B5C67929}.Release|Mixed Platforms.Build.0 = Release|Any CPU
		{979A8A7C-7B6D-43FF-8D6C-DA19B5C67929}.Release|Win32.ActiveCfg = Release|Any CPU
		{979A8A7C-7B6D-43FF-8D6C-DA19B5C67929}.Release|x86.ActiveCfg = Release|Any CPU
		{66AE7A67-E59C-49E8-AD17-D8DA93103DD4}.Debug|Any CPU.ActiveCfg = Debug|Any CPU
		{66AE7A67-E59C-49E8-AD17-D8DA93103DD4}.Debug|Any CPU.Build.0 = Debug|Any CPU
		{66AE7A67-E59C-49E8-AD17-D8DA93103DD4}.Debug|ARM.ActiveCfg = Debug|Any CPU
		{66AE7A67-E59C-49E8-AD17-D8DA93103DD4}.Debug|Mixed Platforms.ActiveCfg = Debug|Any CPU
		{66AE7A67-E59C-49E8-AD17-D8DA93103DD4}.Debug|Mixed Platforms.Build.0 = Debug|Any CPU
		{66AE7A67-E59C-49E8-AD17-D8DA93103DD4}.Debug|Win32.ActiveCfg = Debug|Any CPU
		{66AE7A67-E59C-49E8-AD17-D8DA93103DD4}.Debug|x86.ActiveCfg = Debug|Any CPU
		{66AE7A67-E59C-49E8-AD17-D8DA93103DD4}.Release|Any CPU.ActiveCfg = Release|Any CPU
		{66AE7A67-E59C-49E8-AD17-D8DA93103DD4}.Release|Any CPU.Build.0 = Release|Any CPU
		{66AE7A67-E59C-49E8-AD17-D8DA93103DD4}.Release|ARM.ActiveCfg = Release|Any CPU
		{66AE7A67-E59C-49E8-AD17-D8DA93103DD4}.Release|Mixed Platforms.ActiveCfg = Release|Any CPU
		{66AE7A67-E59C-49E8-AD17-D8DA93103DD4}.Release|Mixed Platforms.Build.0 = Release|Any CPU
		{66AE7A67-E59C-49E8-AD17-D8DA93103DD4}.Release|Win32.ActiveCfg = Release|Any CPU
		{66AE7A67-E59C-49E8-AD17-D8DA93103DD4}.Release|x86.ActiveCfg = Release|Any CPU
		{3BA4CD04-E17E-4510-9885-AE2DA1B3E946}.Debug|Any CPU.ActiveCfg = Debug|Any CPU
		{3BA4CD04-E17E-4510-9885-AE2DA1B3E946}.Debug|Any CPU.Build.0 = Debug|Any CPU
		{3BA4CD04-E17E-4510-9885-AE2DA1B3E946}.Debug|ARM.ActiveCfg = Debug|Any CPU
		{3BA4CD04-E17E-4510-9885-AE2DA1B3E946}.Debug|Mixed Platforms.ActiveCfg = Debug|Any CPU
		{3BA4CD04-E17E-4510-9885-AE2DA1B3E946}.Debug|Mixed Platforms.Build.0 = Debug|Any CPU
		{3BA4CD04-E17E-4510-9885-AE2DA1B3E946}.Debug|Win32.ActiveCfg = Debug|Any CPU
		{3BA4CD04-E17E-4510-9885-AE2DA1B3E946}.Debug|x86.ActiveCfg = Debug|Any CPU
		{3BA4CD04-E17E-4510-9885-AE2DA1B3E946}.Release|Any CPU.ActiveCfg = Release|Any CPU
		{3BA4CD04-E17E-4510-9885-AE2DA1B3E946}.Release|Any CPU.Build.0 = Release|Any CPU
		{3BA4CD04-E17E-4510-9885-AE2DA1B3E946}.Release|ARM.ActiveCfg = Release|Any CPU
		{3BA4CD04-E17E-4510-9885-AE2DA1B3E946}.Release|Mixed Platforms.ActiveCfg = Release|Any CPU
		{3BA4CD04-E17E-4510-9885-AE2DA1B3E946}.Release|Mixed Platforms.Build.0 = Release|Any CPU
		{3BA4CD04-E17E-4510-9885-AE2DA1B3E946}.Release|Win32.ActiveCfg = Release|Any CPU
		{3BA4CD04-E17E-4510-9885-AE2DA1B3E946}.Release|x86.ActiveCfg = Release|Any CPU
		{D98F6949-A096-4740-B93A-53062738C40B}.Debug|Any CPU.ActiveCfg = Debug|Any CPU
		{D98F6949-A096-4740-B93A-53062738C40B}.Debug|Any CPU.Build.0 = Debug|Any CPU
		{D98F6949-A096-4740-B93A-53062738C40B}.Debug|ARM.ActiveCfg = Debug|Any CPU
		{D98F6949-A096-4740-B93A-53062738C40B}.Debug|Mixed Platforms.ActiveCfg = Debug|Any CPU
		{D98F6949-A096-4740-B93A-53062738C40B}.Debug|Mixed Platforms.Build.0 = Debug|Any CPU
		{D98F6949-A096-4740-B93A-53062738C40B}.Debug|Win32.ActiveCfg = Debug|Any CPU
		{D98F6949-A096-4740-B93A-53062738C40B}.Debug|x86.ActiveCfg = Debug|Any CPU
		{D98F6949-A096-4740-B93A-53062738C40B}.Release|Any CPU.ActiveCfg = Release|Any CPU
		{D98F6949-A096-4740-B93A-53062738C40B}.Release|Any CPU.Build.0 = Release|Any CPU
		{D98F6949-A096-4740-B93A-53062738C40B}.Release|ARM.ActiveCfg = Release|Any CPU
		{D98F6949-A096-4740-B93A-53062738C40B}.Release|Mixed Platforms.ActiveCfg = Release|Any CPU
		{D98F6949-A096-4740-B93A-53062738C40B}.Release|Mixed Platforms.Build.0 = Release|Any CPU
		{D98F6949-A096-4740-B93A-53062738C40B}.Release|Win32.ActiveCfg = Release|Any CPU
		{D98F6949-A096-4740-B93A-53062738C40B}.Release|x86.ActiveCfg = Release|Any CPU
		{3004F238-11A9-4021-962A-0B0BF95B1ECA}.Debug|Any CPU.ActiveCfg = Debug|Any CPU
		{3004F238-11A9-4021-962A-0B0BF95B1ECA}.Debug|Any CPU.Build.0 = Debug|Any CPU
		{3004F238-11A9-4021-962A-0B0BF95B1ECA}.Debug|ARM.ActiveCfg = Debug|Any CPU
		{3004F238-11A9-4021-962A-0B0BF95B1ECA}.Debug|Mixed Platforms.ActiveCfg = Debug|Any CPU
		{3004F238-11A9-4021-962A-0B0BF95B1ECA}.Debug|Mixed Platforms.Build.0 = Debug|Any CPU
		{3004F238-11A9-4021-962A-0B0BF95B1ECA}.Debug|Win32.ActiveCfg = Debug|Any CPU
		{3004F238-11A9-4021-962A-0B0BF95B1ECA}.Debug|x86.ActiveCfg = Debug|Any CPU
		{3004F238-11A9-4021-962A-0B0BF95B1ECA}.Release|Any CPU.ActiveCfg = Release|Any CPU
		{3004F238-11A9-4021-962A-0B0BF95B1ECA}.Release|Any CPU.Build.0 = Release|Any CPU
		{3004F238-11A9-4021-962A-0B0BF95B1ECA}.Release|ARM.ActiveCfg = Release|Any CPU
		{3004F238-11A9-4021-962A-0B0BF95B1ECA}.Release|Mixed Platforms.ActiveCfg = Release|Any CPU
		{3004F238-11A9-4021-962A-0B0BF95B1ECA}.Release|Mixed Platforms.Build.0 = Release|Any CPU
		{3004F238-11A9-4021-962A-0B0BF95B1ECA}.Release|Win32.ActiveCfg = Release|Any CPU
		{3004F238-11A9-4021-962A-0B0BF95B1ECA}.Release|x86.ActiveCfg = Release|Any CPU
	EndGlobalSection
	GlobalSection(SolutionProperties) = preSolution
		HideSolutionNode = FALSE
	EndGlobalSection
EndGlobal
