
Microsoft Visual Studio Solution File, Format Version 12.00
# Visual Studio 14
VisualStudioVersion = 14.0.24720.0
MinimumVisualStudioVersion = 10.0.40219.1
Project("{FAE04EC0-301F-11D3-BF4B-00C04F79EFBC}") = "ConsoleApplication1", "ConsoleApplication1\ConsoleApplication1.csproj", "{BFBB63BB-86A4-4158-9BD9-D32FFF1F5426}"
EndProject
Project("{FAE04EC0-301F-11D3-BF4B-00C04F79EFBC}") = "CP", "CP\CP.csproj", "{A298C8B2-B838-4F43-B615-A61A47D1714C}"
EndProject
Project("{FAE04EC0-301F-11D3-BF4B-00C04F79EFBC}") = "CPClient", "CPClient\CPClient.csproj", "{282C613D-61D1-4939-A943-335031531E82}"
EndProject
Project("{FAE04EC0-301F-11D3-BF4B-00C04F79EFBC}") = "CPCSharp", "CPCSharp\CPCSharp.csproj", "{979A8A7C-7B6D-43FF-8D6C-DA19B5C67929}"
EndProject
Project("{FAE04EC0-301F-11D3-BF4B-00C04F79EFBC}") = "CPClientConsole", "CPClientConsole\CPClientConsole.csproj", "{66AE7A67-E59C-49E8-AD17-D8DA93103DD4}"
EndProject
Project("{FAE04EC0-301F-11D3-BF4B-00C04F79EFBC}") = "CPCSharpPlatform", "CPCSharpPlatform\CPCSharpPlatform.csproj", "{3BA4CD04-E17E-4510-9885-AE2DA1B3E946}"
EndProject
Project("{FAE04EC0-301F-11D3-BF4B-00C04F79EFBC}") = "Watcher", "Watcher\Watcher.csproj", "{3004F238-11A9-4021-962A-0B0BF95B1ECA}"
EndProject
Project("{FAE04EC0-301F-11D3-BF4B-00C04F79EFBC}") = "MiSharp.Translator", "MiSharp.Translator\MiSharp.Translator.csproj", "{F253966F-C8D0-4E15-886A-3A55DA34A85C}"
EndProject
Project("{FAE04EC0-301F-11D3-BF4B-00C04F79EFBC}") = "MiSharp.BuildTask", "MiSharp.BuildTask\MiSharp.BuildTask.csproj", "{5228AF22-7ECC-4884-A557-D58641F671E0}"
EndProject
Project("{FAE04EC0-301F-11D3-BF4B-00C04F79EFBC}") = "MiSharp.Tools", "MiSharp.Tools\MiSharp.Tools.csproj", "{4A3753BB-8888-4E05-AFEA-E8D6362D3A5A}"
EndProject
Project("{FAE04EC0-301F-11D3-BF4B-00C04F79EFBC}") = "MiSharp.Tools.Console", "MiSharp.Tools.Console\MiSharp.Tools.Console.csproj", "{2F9683C0-19D0-4F9C-B409-9944234829ED}"
EndProject
Project("{FAE04EC0-301F-11D3-BF4B-00C04F79EFBC}") = "MiSharp.Tools.BuildTask", "MiSharp.Tools.BuildTask\MiSharp.Tools.BuildTask.csproj", "{C4FAF455-BF83-4EC9-B794-060636BE7E3C}"
EndProject
Global
	GlobalSection(SolutionConfigurationPlatforms) = preSolution
		Debug|Any CPU = Debug|Any CPU
		Debug|ARM = Debug|ARM
		Debug|Mixed Platforms = Debug|Mixed Platforms
		Debug|Win32 = Debug|Win32
		Debug|x86 = Debug|x86
		Release|Any CPU = Release|Any CPU
		Release|ARM = Release|ARM
		Release|Mixed Platforms = Release|Mixed Platforms
		Release|Win32 = Release|Win32
		Release|x86 = Release|x86
	EndGlobalSection
	GlobalSection(ProjectConfigurationPlatforms) = postSolution
		{BFBB63BB-86A4-4158-9BD9-D32FFF1F5426}.Debug|Any CPU.ActiveCfg = Debug|Any CPU
		{BFBB63BB-86A4-4158-9BD9-D32FFF1F5426}.Debug|Any CPU.Build.0 = Debug|Any CPU
		{BFBB63BB-86A4-4158-9BD9-D32FFF1F5426}.Debug|ARM.ActiveCfg = Debug|Any CPU
		{BFBB63BB-86A4-4158-9BD9-D32FFF1F5426}.Debug|Mixed Platforms.ActiveCfg = Debug|Any CPU
		{BFBB63BB-86A4-4158-9BD9-D32FFF1F5426}.Debug|Mixed Platforms.Build.0 = Debug|Any CPU
		{BFBB63BB-86A4-4158-9BD9-D32FFF1F5426}.Debug|Win32.ActiveCfg = Debug|Any CPU
		{BFBB63BB-86A4-4158-9BD9-D32FFF1F5426}.Debug|x86.ActiveCfg = Debug|Any CPU
		{BFBB63BB-86A4-4158-9BD9-D32FFF1F5426}.Release|Any CPU.ActiveCfg = Release|Any CPU
		{BFBB63BB-86A4-4158-9BD9-D32FFF1F5426}.Release|Any CPU.Build.0 = Release|Any CPU
		{BFBB63BB-86A4-4158-9BD9-D32FFF1F5426}.Release|ARM.ActiveCfg = Release|Any CPU
		{BFBB63BB-86A4-4158-9BD9-D32FFF1F5426}.Release|Mixed Platforms.ActiveCfg = Release|Any CPU
		{BFBB63BB-86A4-4158-9BD9-D32FFF1F5426}.Release|Mixed Platforms.Build.0 = Release|Any CPU
		{BFBB63BB-86A4-4158-9BD9-D32FFF1F5426}.Release|Win32.ActiveCfg = Release|Any CPU
		{BFBB63BB-86A4-4158-9BD9-D32FFF1F5426}.Release|x86.ActiveCfg = Release|Any CPU
		{A298C8B2-B838-4F43-B615-A61A47D1714C}.Debug|Any CPU.ActiveCfg = Debug|Any CPU
		{A298C8B2-B838-4F43-B615-A61A47D1714C}.Debug|Any CPU.Build.0 = Debug|Any CPU
		{A298C8B2-B838-4F43-B615-A61A47D1714C}.Debug|ARM.ActiveCfg = Debug|Any CPU
		{A298C8B2-B838-4F43-B615-A61A47D1714C}.Debug|Mixed Platforms.ActiveCfg = Debug|Any CPU
		{A298C8B2-B838-4F43-B615-A61A47D1714C}.Debug|Mixed Platforms.Build.0 = Debug|Any CPU
		{A298C8B2-B838-4F43-B615-A61A47D1714C}.Debug|Win32.ActiveCfg = Debug|Any CPU
		{A298C8B2-B838-4F43-B615-A61A47D1714C}.Debug|x86.ActiveCfg = Debug|Any CPU
		{A298C8B2-B838-4F43-B615-A61A47D1714C}.Release|Any CPU.ActiveCfg = Release|Any CPU
		{A298C8B2-B838-4F43-B615-A61A47D1714C}.Release|Any CPU.Build.0 = Release|Any CPU
		{A298C8B2-B838-4F43-B615-A61A47D1714C}.Release|ARM.ActiveCfg = Release|Any CPU
		{A298C8B2-B838-4F43-B615-A61A47D1714C}.Release|Mixed Platforms.ActiveCfg = Release|Any CPU
		{A298C8B2-B838-4F43-B615-A61A47D1714C}.Release|Mixed Platforms.Build.0 = Release|Any CPU
		{A298C8B2-B838-4F43-B615-A61A47D1714C}.Release|Win32.ActiveCfg = Release|Any CPU
		{A298C8B2-B838-4F43-B615-A61A47D1714C}.Release|x86.ActiveCfg = Release|Any CPU
		{282C613D-61D1-4939-A943-335031531E82}.Debug|Any CPU.ActiveCfg = Debug|Any CPU
		{282C613D-61D1-4939-A943-335031531E82}.Debug|Any CPU.Build.0 = Debug|Any CPU
		{282C613D-61D1-4939-A943-335031531E82}.Debug|ARM.ActiveCfg = Debug|Any CPU
		{282C613D-61D1-4939-A943-335031531E82}.Debug|Mixed Platforms.ActiveCfg = Debug|Any CPU
		{282C613D-61D1-4939-A943-335031531E82}.Debug|Mixed Platforms.Build.0 = Debug|Any CPU
		{282C613D-61D1-4939-A943-335031531E82}.Debug|Win32.ActiveCfg = Debug|Any CPU
		{282C613D-61D1-4939-A943-335031531E82}.Debug|x86.ActiveCfg = Debug|Any CPU
		{282C613D-61D1-4939-A943-335031531E82}.Release|Any CPU.ActiveCfg = Release|Any CPU
		{282C613D-61D1-4939-A943-335031531E82}.Release|Any CPU.Build.0 = Release|Any CPU
		{282C613D-61D1-4939-A943-335031531E82}.Release|ARM.ActiveCfg = Release|Any CPU
		{282C613D-61D1-4939-A943-335031531E82}.Release|Mixed Platforms.ActiveCfg = Release|Any CPU
		{282C613D-61D1-4939-A943-335031531E82}.Release|Mixed Platforms.Build.0 = Release|Any CPU
		{282C613D-61D1-4939-A943-335031531E82}.Release|Win32.ActiveCfg = Release|Any CPU
		{282C613D-61D1-4939-A943-335031531E82}.Release|x86.ActiveCfg = Release|Any CPU
		{979A8A7C-7B6D-43FF-8D6C-DA19B5C67929}.Debug|Any CPU.ActiveCfg = Debug|Any CPU
		{979A8A7C-7B6D-43FF-8D6C-DA19B5C67929}.Debug|Any CPU.Build.0 = Debug|Any CPU
		{979A8A7C-7B6D-43FF-8D6C-DA19B5C67929}.Debug|ARM.ActiveCfg = Debug|Any CPU
		{979A8A7C-7B6D-43FF-8D6C-DA19B5C67929}.Debug|Mixed Platforms.ActiveCfg = Debug|Any CPU
		{979A8A7C-7B6D-43FF-8D6C-DA19B5C67929}.Debug|Mixed Platforms.Build.0 = Debug|Any CPU
		{979A8A7C-7B6D-43FF-8D6C-DA19B5C67929}.Debug|Win32.ActiveCfg = Debug|Any CPU
		{979A8A7C-7B6D-43FF-8D6C-DA19B5C67929}.Debug|x86.ActiveCfg = Debug|Any CPU
		{979A8A7C-7B6D-43FF-8D6C-DA19B5C67929}.Release|Any CPU.ActiveCfg = Release|Any CPU
		{979A8A7C-7B6D-43FF-8D6C-DA19B5C67929}.Release|Any CPU.Build.0 = Release|Any CPU
		{979A8A7C-7B6D-43FF-8D6C-DA19B5C67929}.Release|ARM.ActiveCfg = Release|Any CPU
		{979A8A7C-7B6D-43FF-8D6C-DA19B5C67929}.Release|Mixed Platforms.ActiveCfg = Release|Any CPU
		{979A8A7C-7B6D-43FF-8D6C-DA19B5C67929}.Release|Mixed Platforms.Build.0 = Release|Any CPU
		{979A8A7C-7B6D-43FF-8D6C-DA19B5C67929}.Release|Win32.ActiveCfg = Release|Any CPU
		{979A8A7C-7B6D-43FF-8D6C-DA19B5C67929}.Release|x86.ActiveCfg = Release|Any CPU
		{66AE7A67-E59C-49E8-AD17-D8DA93103DD4}.Debug|Any CPU.ActiveCfg = Debug|Any CPU
		{66AE7A67-E59C-49E8-AD17-D8DA93103DD4}.Debug|Any CPU.Build.0 = Debug|Any CPU
		{66AE7A67-E59C-49E8-AD17-D8DA93103DD4}.Debug|ARM.ActiveCfg = Debug|Any CPU
		{66AE7A67-E59C-49E8-AD17-D8DA93103DD4}.Debug|Mixed Platforms.ActiveCfg = Debug|Any CPU
		{66AE7A67-E59C-49E8-AD17-D8DA93103DD4}.Debug|Mixed Platforms.Build.0 = Debug|Any CPU
		{66AE7A67-E59C-49E8-AD17-D8DA93103DD4}.Debug|Win32.ActiveCfg = Debug|Any CPU
		{66AE7A67-E59C-49E8-AD17-D8DA93103DD4}.Debug|x86.ActiveCfg = Debug|Any CPU
		{66AE7A67-E59C-49E8-AD17-D8DA93103DD4}.Release|Any CPU.ActiveCfg = Release|Any CPU
		{66AE7A67-E59C-49E8-AD17-D8DA93103DD4}.Release|Any CPU.Build.0 = Release|Any CPU
		{66AE7A67-E59C-49E8-AD17-D8DA93103DD4}.Release|ARM.ActiveCfg = Release|Any CPU
		{66AE7A67-E59C-49E8-AD17-D8DA93103DD4}.Release|Mixed Platforms.ActiveCfg = Release|Any CPU
		{66AE7A67-E59C-49E8-AD17-D8DA93103DD4}.Release|Mixed Platforms.Build.0 = Release|Any CPU
		{66AE7A67-E59C-49E8-AD17-D8DA93103DD4}.Release|Win32.ActiveCfg = Release|Any CPU
		{66AE7A67-E59C-49E8-AD17-D8DA93103DD4}.Release|x86.ActiveCfg = Release|Any CPU
		{3BA4CD04-E17E-4510-9885-AE2DA1B3E946}.Debug|Any CPU.ActiveCfg = Debug|Any CPU
		{3BA4CD04-E17E-4510-9885-AE2DA1B3E946}.Debug|Any CPU.Build.0 = Debug|Any CPU
		{3BA4CD04-E17E-4510-9885-AE2DA1B3E946}.Debug|ARM.ActiveCfg = Debug|Any CPU
		{3BA4CD04-E17E-4510-9885-AE2DA1B3E946}.Debug|Mixed Platforms.ActiveCfg = Debug|Any CPU
		{3BA4CD04-E17E-4510-9885-AE2DA1B3E946}.Debug|Mixed Platforms.Build.0 = Debug|Any CPU
		{3BA4CD04-E17E-4510-9885-AE2DA1B3E946}.Debug|Win32.ActiveCfg = Debug|Any CPU
		{3BA4CD04-E17E-4510-9885-AE2DA1B3E946}.Debug|x86.ActiveCfg = Debug|Any CPU
		{3BA4CD04-E17E-4510-9885-AE2DA1B3E946}.Release|Any CPU.ActiveCfg = Release|Any CPU
		{3BA4CD04-E17E-4510-9885-AE2DA1B3E946}.Release|Any CPU.Build.0 = Release|Any CPU
		{3BA4CD04-E17E-4510-9885-AE2DA1B3E946}.Release|ARM.ActiveCfg = Release|Any CPU
		{3BA4CD04-E17E-4510-9885-AE2DA1B3E946}.Release|Mixed Platforms.ActiveCfg = Release|Any CPU
		{3BA4CD04-E17E-4510-9885-AE2DA1B3E946}.Release|Mixed Platforms.Build.0 = Release|Any CPU
		{3BA4CD04-E17E-4510-9885-AE2DA1B3E946}.Release|Win32.ActiveCfg = Release|Any CPU
		{3BA4CD04-E17E-4510-9885-AE2DA1B3E946}.Release|x86.ActiveCfg = Release|Any CPU
		{3004F238-11A9-4021-962A-0B0BF95B1ECA}.Debug|Any CPU.ActiveCfg = Debug|Any CPU
		{3004F238-11A9-4021-962A-0B0BF95B1ECA}.Debug|Any CPU.Build.0 = Debug|Any CPU
		{3004F238-11A9-4021-962A-0B0BF95B1ECA}.Debug|ARM.ActiveCfg = Debug|Any CPU
		{3004F238-11A9-4021-962A-0B0BF95B1ECA}.Debug|Mixed Platforms.ActiveCfg = Debug|Any CPU
		{3004F238-11A9-4021-962A-0B0BF95B1ECA}.Debug|Mixed Platforms.Build.0 = Debug|Any CPU
		{3004F238-11A9-4021-962A-0B0BF95B1ECA}.Debug|Win32.ActiveCfg = Debug|Any CPU
		{3004F238-11A9-4021-962A-0B0BF95B1ECA}.Debug|x86.ActiveCfg = Debug|Any CPU
		{3004F238-11A9-4021-962A-0B0BF95B1ECA}.Release|Any CPU.ActiveCfg = Release|Any CPU
		{3004F238-11A9-4021-962A-0B0BF95B1ECA}.Release|Any CPU.Build.0 = Release|Any CPU
		{3004F238-11A9-4021-962A-0B0BF95B1ECA}.Release|ARM.ActiveCfg = Release|Any CPU
		{3004F238-11A9-4021-962A-0B0BF95B1ECA}.Release|Mixed Platforms.ActiveCfg = Release|Any CPU
		{3004F238-11A9-4021-962A-0B0BF95B1ECA}.Release|Mixed Platforms.Build.0 = Release|Any CPU
		{3004F238-11A9-4021-962A-0B0BF95B1ECA}.Release|Win32.ActiveCfg = Release|Any CPU
		{3004F238-11A9-4021-962A-0B0BF95B1ECA}.Release|x86.ActiveCfg = Release|Any CPU
		{F253966F-C8D0-4E15-886A-3A55DA34A85C}.Debug|Any CPU.ActiveCfg = Debug|Any CPU
		{F253966F-C8D0-4E15-886A-3A55DA34A85C}.Debug|Any CPU.Build.0 = Debug|Any CPU
		{F253966F-C8D0-4E15-886A-3A55DA34A85C}.Debug|ARM.ActiveCfg = Debug|Any CPU
		{F253966F-C8D0-4E15-886A-3A55DA34A85C}.Debug|ARM.Build.0 = Debug|Any CPU
		{F253966F-C8D0-4E15-886A-3A55DA34A85C}.Debug|Mixed Platforms.ActiveCfg = Debug|Any CPU
		{F253966F-C8D0-4E15-886A-3A55DA34A85C}.Debug|Mixed Platforms.Build.0 = Debug|Any CPU
		{F253966F-C8D0-4E15-886A-3A55DA34A85C}.Debug|Win32.ActiveCfg = Debug|Any CPU
		{F253966F-C8D0-4E15-886A-3A55DA34A85C}.Debug|Win32.Build.0 = Debug|Any CPU
		{F253966F-C8D0-4E15-886A-3A55DA34A85C}.Debug|x86.ActiveCfg = Debug|Any CPU
		{F253966F-C8D0-4E15-886A-3A55DA34A85C}.Debug|x86.Build.0 = Debug|Any CPU
		{F253966F-C8D0-4E15-886A-3A55DA34A85C}.Release|Any CPU.ActiveCfg = Release|Any CPU
		{F253966F-C8D0-4E15-886A-3A55DA34A85C}.Release|Any CPU.Build.0 = Release|Any CPU
		{F253966F-C8D0-4E15-886A-3A55DA34A85C}.Release|ARM.ActiveCfg = Release|Any CPU
		{F253966F-C8D0-4E15-886A-3A55DA34A85C}.Release|ARM.Build.0 = Release|Any CPU
		{F253966F-C8D0-4E15-886A-3A55DA34A85C}.Release|Mixed Platforms.ActiveCfg = Release|Any CPU
		{F253966F-C8D0-4E15-886A-3A55DA34A85C}.Release|Mixed Platforms.Build.0 = Release|Any CPU
		{F253966F-C8D0-4E15-886A-3A55DA34A85C}.Release|Win32.ActiveCfg = Release|Any CPU
		{F253966F-C8D0-4E15-886A-3A55DA34A85C}.Release|Win32.Build.0 = Release|Any CPU
		{F253966F-C8D0-4E15-886A-3A55DA34A85C}.Release|x86.ActiveCfg = Release|Any CPU
		{F253966F-C8D0-4E15-886A-3A55DA34A85C}.Release|x86.Build.0 = Release|Any CPU
		{5228AF22-7ECC-4884-A557-D58641F671E0}.Debug|Any CPU.ActiveCfg = Debug|Any CPU
		{5228AF22-7ECC-4884-A557-D58641F671E0}.Debug|Any CPU.Build.0 = Debug|Any CPU
		{5228AF22-7ECC-4884-A557-D58641F671E0}.Debug|ARM.ActiveCfg = Debug|Any CPU
		{5228AF22-7ECC-4884-A557-D58641F671E0}.Debug|ARM.Build.0 = Debug|Any CPU
		{5228AF22-7ECC-4884-A557-D58641F671E0}.Debug|Mixed Platforms.ActiveCfg = Debug|Any CPU
		{5228AF22-7ECC-4884-A557-D58641F671E0}.Debug|Mixed Platforms.Build.0 = Debug|Any CPU
		{5228AF22-7ECC-4884-A557-D58641F671E0}.Debug|Win32.ActiveCfg = Debug|Any CPU
		{5228AF22-7ECC-4884-A557-D58641F671E0}.Debug|Win32.Build.0 = Debug|Any CPU
		{5228AF22-7ECC-4884-A557-D58641F671E0}.Debug|x86.ActiveCfg = Debug|Any CPU
		{5228AF22-7ECC-4884-A557-D58641F671E0}.Debug|x86.Build.0 = Debug|Any CPU
		{5228AF22-7ECC-4884-A557-D58641F671E0}.Release|Any CPU.ActiveCfg = Release|Any CPU
		{5228AF22-7ECC-4884-A557-D58641F671E0}.Release|Any CPU.Build.0 = Release|Any CPU
		{5228AF22-7ECC-4884-A557-D58641F671E0}.Release|ARM.ActiveCfg = Release|Any CPU
		{5228AF22-7ECC-4884-A557-D58641F671E0}.Release|ARM.Build.0 = Release|Any CPU
		{5228AF22-7ECC-4884-A557-D58641F671E0}.Release|Mixed Platforms.ActiveCfg = Release|Any CPU
		{5228AF22-7ECC-4884-A557-D58641F671E0}.Release|Mixed Platforms.Build.0 = Release|Any CPU
		{5228AF22-7ECC-4884-A557-D58641F671E0}.Release|Win32.ActiveCfg = Release|Any CPU
		{5228AF22-7ECC-4884-A557-D58641F671E0}.Release|Win32.Build.0 = Release|Any CPU
		{5228AF22-7ECC-4884-A557-D58641F671E0}.Release|x86.ActiveCfg = Release|Any CPU
		{5228AF22-7ECC-4884-A557-D58641F671E0}.Release|x86.Build.0 = Release|Any CPU
		{4A3753BB-8888-4E05-AFEA-E8D6362D3A5A}.Debug|Any CPU.ActiveCfg = Debug|Any CPU
		{4A3753BB-8888-4E05-AFEA-E8D6362D3A5A}.Debug|Any CPU.Build.0 = Debug|Any CPU
		{4A3753BB-8888-4E05-AFEA-E8D6362D3A5A}.Debug|ARM.ActiveCfg = Debug|Any CPU
		{4A3753BB-8888-4E05-AFEA-E8D6362D3A5A}.Debug|ARM.Build.0 = Debug|Any CPU
		{4A3753BB-8888-4E05-AFEA-E8D6362D3A5A}.Debug|Mixed Platforms.ActiveCfg = Debug|Any CPU
		{4A3753BB-8888-4E05-AFEA-E8D6362D3A5A}.Debug|Mixed Platforms.Build.0 = Debug|Any CPU
		{4A3753BB-8888-4E05-AFEA-E8D6362D3A5A}.Debug|Win32.ActiveCfg = Debug|Any CPU
		{4A3753BB-8888-4E05-AFEA-E8D6362D3A5A}.Debug|Win32.Build.0 = Debug|Any CPU
		{4A3753BB-8888-4E05-AFEA-E8D6362D3A5A}.Debug|x86.ActiveCfg = Debug|Any CPU
		{4A3753BB-8888-4E05-AFEA-E8D6362D3A5A}.Debug|x86.Build.0 = Debug|Any CPU
		{4A3753BB-8888-4E05-AFEA-E8D6362D3A5A}.Release|Any CPU.ActiveCfg = Release|Any CPU
		{4A3753BB-8888-4E05-AFEA-E8D6362D3A5A}.Release|Any CPU.Build.0 = Release|Any CPU
		{4A3753BB-8888-4E05-AFEA-E8D6362D3A5A}.Release|ARM.ActiveCfg = Release|Any CPU
		{4A3753BB-8888-4E05-AFEA-E8D6362D3A5A}.Release|ARM.Build.0 = Release|Any CPU
		{4A3753BB-8888-4E05-AFEA-E8D6362D3A5A}.Release|Mixed Platforms.ActiveCfg = Release|Any CPU
		{4A3753BB-8888-4E05-AFEA-E8D6362D3A5A}.Release|Mixed Platforms.Build.0 = Release|Any CPU
		{4A3753BB-8888-4E05-AFEA-E8D6362D3A5A}.Release|Win32.ActiveCfg = Release|Any CPU
		{4A3753BB-8888-4E05-AFEA-E8D6362D3A5A}.Release|Win32.Build.0 = Release|Any CPU
		{4A3753BB-8888-4E05-AFEA-E8D6362D3A5A}.Release|x86.ActiveCfg = Release|Any CPU
		{4A3753BB-8888-4E05-AFEA-E8D6362D3A5A}.Release|x86.Build.0 = Release|Any CPU
		{2F9683C0-19D0-4F9C-B409-9944234829ED}.Debug|Any CPU.ActiveCfg = Debug|Any CPU
		{2F9683C0-19D0-4F9C-B409-9944234829ED}.Debug|Any CPU.Build.0 = Debug|Any CPU
		{2F9683C0-19D0-4F9C-B409-9944234829ED}.Debug|ARM.ActiveCfg = Debug|Any CPU
		{2F9683C0-19D0-4F9C-B409-9944234829ED}.Debug|ARM.Build.0 = Debug|Any CPU
		{2F9683C0-19D0-4F9C-B409-9944234829ED}.Debug|Mixed Platforms.ActiveCfg = Debug|Any CPU
		{2F9683C0-19D0-4F9C-B409-9944234829ED}.Debug|Mixed Platforms.Build.0 = Debug|Any CPU
		{2F9683C0-19D0-4F9C-B409-9944234829ED}.Debug|Win32.ActiveCfg = Debug|Any CPU
		{2F9683C0-19D0-4F9C-B409-9944234829ED}.Debug|Win32.Build.0 = Debug|Any CPU
		{2F9683C0-19D0-4F9C-B409-9944234829ED}.Debug|x86.ActiveCfg = Debug|Any CPU
		{2F9683C0-19D0-4F9C-B409-9944234829ED}.Debug|x86.Build.0 = Debug|Any CPU
		{2F9683C0-19D0-4F9C-B409-9944234829ED}.Release|Any CPU.ActiveCfg = Release|Any CPU
		{2F9683C0-19D0-4F9C-B409-9944234829ED}.Release|Any CPU.Build.0 = Release|Any CPU
		{2F9683C0-19D0-4F9C-B409-9944234829ED}.Release|ARM.ActiveCfg = Release|Any CPU
		{2F9683C0-19D0-4F9C-B409-9944234829ED}.Release|ARM.Build.0 = Release|Any CPU
		{2F9683C0-19D0-4F9C-B409-9944234829ED}.Release|Mixed Platforms.ActiveCfg = Release|Any CPU
		{2F9683C0-19D0-4F9C-B409-9944234829ED}.Release|Mixed Platforms.Build.0 = Release|Any CPU
		{2F9683C0-19D0-4F9C-B409-9944234829ED}.Release|Win32.ActiveCfg = Release|Any CPU
		{2F9683C0-19D0-4F9C-B409-9944234829ED}.Release|Win32.Build.0 = Release|Any CPU
		{2F9683C0-19D0-4F9C-B409-9944234829ED}.Release|x86.ActiveCfg = Release|Any CPU
		{2F9683C0-19D0-4F9C-B409-9944234829ED}.Release|x86.Build.0 = Release|Any CPU
		{C4FAF455-BF83-4EC9-B794-060636BE7E3C}.Debug|Any CPU.ActiveCfg = Debug|Any CPU
		{C4FAF455-BF83-4EC9-B794-060636BE7E3C}.Debug|Any CPU.Build.0 = Debug|Any CPU
		{C4FAF455-BF83-4EC9-B794-060636BE7E3C}.Debug|ARM.ActiveCfg = Debug|Any CPU
		{C4FAF455-BF83-4EC9-B794-060636BE7E3C}.Debug|ARM.Build.0 = Debug|Any CPU
		{C4FAF455-BF83-4EC9-B794-060636BE7E3C}.Debug|Mixed Platforms.ActiveCfg = Debug|Any CPU
		{C4FAF455-BF83-4EC9-B794-060636BE7E3C}.Debug|Mixed Platforms.Build.0 = Debug|Any CPU
		{C4FAF455-BF83-4EC9-B794-060636BE7E3C}.Debug|Win32.ActiveCfg = Debug|Any CPU
		{C4FAF455-BF83-4EC9-B794-060636BE7E3C}.Debug|Win32.Build.0 = Debug|Any CPU
		{C4FAF455-BF83-4EC9-B794-060636BE7E3C}.Debug|x86.ActiveCfg = Debug|Any CPU
		{C4FAF455-BF83-4EC9-B794-060636BE7E3C}.Debug|x86.Build.0 = Debug|Any CPU
		{C4FAF455-BF83-4EC9-B794-060636BE7E3C}.Release|Any CPU.ActiveCfg = Release|Any CPU
		{C4FAF455-BF83-4EC9-B794-060636BE7E3C}.Release|Any CPU.Build.0 = Release|Any CPU
		{C4FAF455-BF83-4EC9-B794-060636BE7E3C}.Release|ARM.ActiveCfg = Release|Any CPU
		{C4FAF455-BF83-4EC9-B794-060636BE7E3C}.Release|ARM.Build.0 = Release|Any CPU
		{C4FAF455-BF83-4EC9-B794-060636BE7E3C}.Release|Mixed Platforms.ActiveCfg = Release|Any CPU
		{C4FAF455-BF83-4EC9-B794-060636BE7E3C}.Release|Mixed Platforms.Build.0 = Release|Any CPU
		{C4FAF455-BF83-4EC9-B794-060636BE7E3C}.Release|Win32.ActiveCfg = Release|Any CPU
		{C4FAF455-BF83-4EC9-B794-060636BE7E3C}.Release|Win32.Build.0 = Release|Any CPU
		{C4FAF455-BF83-4EC9-B794-060636BE7E3C}.Release|x86.ActiveCfg = Release|Any CPU
		{C4FAF455-BF83-4EC9-B794-060636BE7E3C}.Release|x86.Build.0 = Release|Any CPU
	EndGlobalSection
	GlobalSection(SolutionProperties) = preSolution
		HideSolutionNode = FALSE
	EndGlobalSection
EndGlobal
